// !$*UTF8*$!
{
	archiveVersion = 1;
	classes = {
	};
	objectVersion = 51;
	objects = {

/* Begin PBXBuildFile section */
		3C90A63F4BC85BDA5BAC6193 /* Pods_WiproAssignment.framework in Frameworks */ = {isa = PBXBuildFile; fileRef = E656AB6D4BC70AB09D2ADEB4 /* Pods_WiproAssignment.framework */; };
		6278EB212233C68D0070206C /* AppDelegate.swift in Sources */ = {isa = PBXBuildFile; fileRef = 6278EB202233C68D0070206C /* AppDelegate.swift */; };
		6278EB232233C68D0070206C /* ViewController.swift in Sources */ = {isa = PBXBuildFile; fileRef = 6278EB222233C68D0070206C /* ViewController.swift */; };
		6278EB262233C68E0070206C /* Main.storyboard in Resources */ = {isa = PBXBuildFile; fileRef = 6278EB242233C68E0070206C /* Main.storyboard */; };
		6278EB282233C68E0070206C /* Assets.xcassets in Resources */ = {isa = PBXBuildFile; fileRef = 6278EB272233C68E0070206C /* Assets.xcassets */; };
		6278EB2B2233C68E0070206C /* LaunchScreen.storyboard in Resources */ = {isa = PBXBuildFile; fileRef = 6278EB292233C68E0070206C /* LaunchScreen.storyboard */; };
		6278EB362233C68E0070206C /* WiproAssignmentTests.swift in Sources */ = {isa = PBXBuildFile; fileRef = 6278EB352233C68E0070206C /* WiproAssignmentTests.swift */; };
		6278EB412233C68E0070206C /* WiproAssignmentUITests.swift in Sources */ = {isa = PBXBuildFile; fileRef = 6278EB402233C68E0070206C /* WiproAssignmentUITests.swift */; };
		6278EB4F2233C7940070206C /* Fact.swift in Sources */ = {isa = PBXBuildFile; fileRef = 6278EB4E2233C7940070206C /* Fact.swift */; };
		6278EB512233C7B70070206C /* FactService.swift in Sources */ = {isa = PBXBuildFile; fileRef = 6278EB502233C7B70070206C /* FactService.swift */; };
		6278EB562233C9700070206C /* Connectivity.swift in Sources */ = {isa = PBXBuildFile; fileRef = 6278EB552233C9700070206C /* Connectivity.swift */; };
		6278EB5A2233CA390070206C /* VCExtensions.swift in Sources */ = {isa = PBXBuildFile; fileRef = 6278EB592233CA390070206C /* VCExtensions.swift */; };
		6278EB602233EC200070206C /* RowTableviewCell.swift in Sources */ = {isa = PBXBuildFile; fileRef = 6278EB5F2233EC200070206C /* RowTableviewCell.swift */; };
		6278EB6622340F4D0070206C /* RowView.swift in Sources */ = {isa = PBXBuildFile; fileRef = 6278EB6522340F4D0070206C /* RowView.swift */; };
		F898D95E3D22E8B08593272E /* Pods_WiproAssignmentUITests.framework in Frameworks */ = {isa = PBXBuildFile; fileRef = A1DB778443A1B66369E96F5E /* Pods_WiproAssignmentUITests.framework */; };
		FA9B2441DE2AF5F8613A6112 /* Pods_WiproAssignmentTests.framework in Frameworks */ = {isa = PBXBuildFile; fileRef = 41EC6C76A7857324E8CF200A /* Pods_WiproAssignmentTests.framework */; };
/* End PBXBuildFile section */

/* Begin PBXContainerItemProxy section */
		6278EB322233C68E0070206C /* PBXContainerItemProxy */ = {
			isa = PBXContainerItemProxy;
			containerPortal = 6278EB152233C68D0070206C /* Project object */;
			proxyType = 1;
			remoteGlobalIDString = 6278EB1C2233C68D0070206C;
			remoteInfo = WiproAssignment;
		};
		6278EB3D2233C68E0070206C /* PBXContainerItemProxy */ = {
			isa = PBXContainerItemProxy;
			containerPortal = 6278EB152233C68D0070206C /* Project object */;
			proxyType = 1;
			remoteGlobalIDString = 6278EB1C2233C68D0070206C;
			remoteInfo = WiproAssignment;
		};
/* End PBXContainerItemProxy section */

/* Begin PBXFileReference section */
		11709B61DE34FACF67A37F1C /* Pods-WiproAssignment.debug.xcconfig */ = {isa = PBXFileReference; includeInIndex = 1; lastKnownFileType = text.xcconfig; name = "Pods-WiproAssignment.debug.xcconfig"; path = "Target Support Files/Pods-WiproAssignment/Pods-WiproAssignment.debug.xcconfig"; sourceTree = "<group>"; };
		1CA10FDEF69C49E5BD8E8AC5 /* Pods-WiproAssignmentUITests.debug.xcconfig */ = {isa = PBXFileReference; includeInIndex = 1; lastKnownFileType = text.xcconfig; name = "Pods-WiproAssignmentUITests.debug.xcconfig"; path = "Target Support Files/Pods-WiproAssignmentUITests/Pods-WiproAssignmentUITests.debug.xcconfig"; sourceTree = "<group>"; };
		1E8CAFD66C31946824A19766 /* Pods-WiproAssignmentTests.release.xcconfig */ = {isa = PBXFileReference; includeInIndex = 1; lastKnownFileType = text.xcconfig; name = "Pods-WiproAssignmentTests.release.xcconfig"; path = "Target Support Files/Pods-WiproAssignmentTests/Pods-WiproAssignmentTests.release.xcconfig"; sourceTree = "<group>"; };
		203A6D67B4360EF9D76F0AD4 /* Pods-WiproAssignmentTests.debug.xcconfig */ = {isa = PBXFileReference; includeInIndex = 1; lastKnownFileType = text.xcconfig; name = "Pods-WiproAssignmentTests.debug.xcconfig"; path = "Target Support Files/Pods-WiproAssignmentTests/Pods-WiproAssignmentTests.debug.xcconfig"; sourceTree = "<group>"; };
		41EC6C76A7857324E8CF200A /* Pods_WiproAssignmentTests.framework */ = {isa = PBXFileReference; explicitFileType = wrapper.framework; includeInIndex = 0; path = Pods_WiproAssignmentTests.framework; sourceTree = BUILT_PRODUCTS_DIR; };
		6278EB1D2233C68D0070206C /* WiproAssignment.app */ = {isa = PBXFileReference; explicitFileType = wrapper.application; includeInIndex = 0; path = WiproAssignment.app; sourceTree = BUILT_PRODUCTS_DIR; };
		6278EB202233C68D0070206C /* AppDelegate.swift */ = {isa = PBXFileReference; lastKnownFileType = sourcecode.swift; path = AppDelegate.swift; sourceTree = "<group>"; };
		6278EB222233C68D0070206C /* ViewController.swift */ = {isa = PBXFileReference; lastKnownFileType = sourcecode.swift; path = ViewController.swift; sourceTree = "<group>"; };
		6278EB252233C68E0070206C /* Base */ = {isa = PBXFileReference; lastKnownFileType = file.storyboard; name = Base; path = Base.lproj/Main.storyboard; sourceTree = "<group>"; };
		6278EB272233C68E0070206C /* Assets.xcassets */ = {isa = PBXFileReference; lastKnownFileType = folder.assetcatalog; path = Assets.xcassets; sourceTree = "<group>"; };
		6278EB2A2233C68E0070206C /* Base */ = {isa = PBXFileReference; lastKnownFileType = file.storyboard; name = Base; path = Base.lproj/LaunchScreen.storyboard; sourceTree = "<group>"; };
		6278EB2C2233C68E0070206C /* Info.plist */ = {isa = PBXFileReference; lastKnownFileType = text.plist.xml; path = Info.plist; sourceTree = "<group>"; };
		6278EB312233C68E0070206C /* WiproAssignmentTests.xctest */ = {isa = PBXFileReference; explicitFileType = wrapper.cfbundle; includeInIndex = 0; path = WiproAssignmentTests.xctest; sourceTree = BUILT_PRODUCTS_DIR; };
		6278EB352233C68E0070206C /* WiproAssignmentTests.swift */ = {isa = PBXFileReference; lastKnownFileType = sourcecode.swift; path = WiproAssignmentTests.swift; sourceTree = "<group>"; };
		6278EB372233C68E0070206C /* Info.plist */ = {isa = PBXFileReference; lastKnownFileType = text.plist.xml; path = Info.plist; sourceTree = "<group>"; };
		6278EB3C2233C68E0070206C /* WiproAssignmentUITests.xctest */ = {isa = PBXFileReference; explicitFileType = wrapper.cfbundle; includeInIndex = 0; path = WiproAssignmentUITests.xctest; sourceTree = BUILT_PRODUCTS_DIR; };
		6278EB402233C68E0070206C /* WiproAssignmentUITests.swift */ = {isa = PBXFileReference; lastKnownFileType = sourcecode.swift; path = WiproAssignmentUITests.swift; sourceTree = "<group>"; };
		6278EB422233C68E0070206C /* Info.plist */ = {isa = PBXFileReference; lastKnownFileType = text.plist.xml; path = Info.plist; sourceTree = "<group>"; };
		6278EB4E2233C7940070206C /* Fact.swift */ = {isa = PBXFileReference; fileEncoding = 4; lastKnownFileType = sourcecode.swift; path = Fact.swift; sourceTree = "<group>"; };
		6278EB502233C7B70070206C /* FactService.swift */ = {isa = PBXFileReference; fileEncoding = 4; lastKnownFileType = sourcecode.swift; path = FactService.swift; sourceTree = "<group>"; };
		6278EB552233C9700070206C /* Connectivity.swift */ = {isa = PBXFileReference; lastKnownFileType = sourcecode.swift; path = Connectivity.swift; sourceTree = "<group>"; };
		6278EB592233CA390070206C /* VCExtensions.swift */ = {isa = PBXFileReference; lastKnownFileType = sourcecode.swift; path = VCExtensions.swift; sourceTree = "<group>"; };
		6278EB5F2233EC200070206C /* RowTableviewCell.swift */ = {isa = PBXFileReference; lastKnownFileType = sourcecode.swift; path = RowTableviewCell.swift; sourceTree = "<group>"; };
		6278EB6522340F4D0070206C /* RowView.swift */ = {isa = PBXFileReference; lastKnownFileType = sourcecode.swift; path = RowView.swift; sourceTree = "<group>"; };
		7B02E1B9142E90C43AEFBA28 /* Pods-WiproAssignmentUITests.release.xcconfig */ = {isa = PBXFileReference; includeInIndex = 1; lastKnownFileType = text.xcconfig; name = "Pods-WiproAssignmentUITests.release.xcconfig"; path = "Target Support Files/Pods-WiproAssignmentUITests/Pods-WiproAssignmentUITests.release.xcconfig"; sourceTree = "<group>"; };
		9DD73854C1CB557E729921B9 /* Pods-WiproAssignment.release.xcconfig */ = {isa = PBXFileReference; includeInIndex = 1; lastKnownFileType = text.xcconfig; name = "Pods-WiproAssignment.release.xcconfig"; path = "Target Support Files/Pods-WiproAssignment/Pods-WiproAssignment.release.xcconfig"; sourceTree = "<group>"; };
		A1DB778443A1B66369E96F5E /* Pods_WiproAssignmentUITests.framework */ = {isa = PBXFileReference; explicitFileType = wrapper.framework; includeInIndex = 0; path = Pods_WiproAssignmentUITests.framework; sourceTree = BUILT_PRODUCTS_DIR; };
		E656AB6D4BC70AB09D2ADEB4 /* Pods_WiproAssignment.framework */ = {isa = PBXFileReference; explicitFileType = wrapper.framework; includeInIndex = 0; path = Pods_WiproAssignment.framework; sourceTree = BUILT_PRODUCTS_DIR; };
/* End PBXFileReference section */

/* Begin PBXFrameworksBuildPhase section */
		6278EB1A2233C68D0070206C /* Frameworks */ = {
			isa = PBXFrameworksBuildPhase;
			buildActionMask = 2147483647;
			files = (
				3C90A63F4BC85BDA5BAC6193 /* Pods_WiproAssignment.framework in Frameworks */,
			);
			runOnlyForDeploymentPostprocessing = 0;
		};
		6278EB2E2233C68E0070206C /* Frameworks */ = {
			isa = PBXFrameworksBuildPhase;
			buildActionMask = 2147483647;
			files = (
				FA9B2441DE2AF5F8613A6112 /* Pods_WiproAssignmentTests.framework in Frameworks */,
			);
			runOnlyForDeploymentPostprocessing = 0;
		};
		6278EB392233C68E0070206C /* Frameworks */ = {
			isa = PBXFrameworksBuildPhase;
			buildActionMask = 2147483647;
			files = (
				F898D95E3D22E8B08593272E /* Pods_WiproAssignmentUITests.framework in Frameworks */,
			);
			runOnlyForDeploymentPostprocessing = 0;
		};
/* End PBXFrameworksBuildPhase section */

/* Begin PBXGroup section */
		4D4D001EFCC03A92D115C3D9 /* Pods */ = {
			isa = PBXGroup;
			children = (
				11709B61DE34FACF67A37F1C /* Pods-WiproAssignment.debug.xcconfig */,
				9DD73854C1CB557E729921B9 /* Pods-WiproAssignment.release.xcconfig */,
				203A6D67B4360EF9D76F0AD4 /* Pods-WiproAssignmentTests.debug.xcconfig */,
				1E8CAFD66C31946824A19766 /* Pods-WiproAssignmentTests.release.xcconfig */,
				1CA10FDEF69C49E5BD8E8AC5 /* Pods-WiproAssignmentUITests.debug.xcconfig */,
				7B02E1B9142E90C43AEFBA28 /* Pods-WiproAssignmentUITests.release.xcconfig */,
			);
			path = Pods;
			sourceTree = "<group>";
		};
		6278EB142233C68D0070206C = {
			isa = PBXGroup;
			children = (
				6278EB1F2233C68D0070206C /* WiproAssignment */,
				6278EB342233C68E0070206C /* WiproAssignmentTests */,
				6278EB3F2233C68E0070206C /* WiproAssignmentUITests */,
				6278EB1E2233C68D0070206C /* Products */,
				4D4D001EFCC03A92D115C3D9 /* Pods */,
				F42A73E2AB9DF1803D2B2325 /* Frameworks */,
			);
			sourceTree = "<group>";
		};
		6278EB1E2233C68D0070206C /* Products */ = {
			isa = PBXGroup;
			children = (
				6278EB1D2233C68D0070206C /* WiproAssignment.app */,
				6278EB312233C68E0070206C /* WiproAssignmentTests.xctest */,
				6278EB3C2233C68E0070206C /* WiproAssignmentUITests.xctest */,
			);
			name = Products;
			sourceTree = "<group>";
		};
		6278EB1F2233C68D0070206C /* WiproAssignment */ = {
			isa = PBXGroup;
			children = (
				6278EB202233C68D0070206C /* AppDelegate.swift */,
				6278EB6422340F2B0070206C /* Custom View */,
				6278EB6122340ECC0070206C /* ViewControllers */,
				6278EB6222340EE80070206C /* Cells */,
				6278EB582233C9DF0070206C /* Extension */,
				6278EB572233C9A30070206C /* Utility */,
				6278EB532233C7D90070206C /* Model */,
				6278EB522233C7D10070206C /* Service */,
				6278EB242233C68E0070206C /* Main.storyboard */,
				6278EB272233C68E0070206C /* Assets.xcassets */,
				6278EB292233C68E0070206C /* LaunchScreen.storyboard */,
				6278EB2C2233C68E0070206C /* Info.plist */,
			);
			path = WiproAssignment;
			sourceTree = "<group>";
		};
		6278EB342233C68E0070206C /* WiproAssignmentTests */ = {
			isa = PBXGroup;
			children = (
				6278EB352233C68E0070206C /* WiproAssignmentTests.swift */,
				6278EB372233C68E0070206C /* Info.plist */,
			);
			path = WiproAssignmentTests;
			sourceTree = "<group>";
		};
		6278EB3F2233C68E0070206C /* WiproAssignmentUITests */ = {
			isa = PBXGroup;
			children = (
				6278EB402233C68E0070206C /* WiproAssignmentUITests.swift */,
				6278EB422233C68E0070206C /* Info.plist */,
			);
			path = WiproAssignmentUITests;
			sourceTree = "<group>";
		};
		6278EB522233C7D10070206C /* Service */ = {
			isa = PBXGroup;
			children = (
				6278EB502233C7B70070206C /* FactService.swift */,
			);
			path = Service;
			sourceTree = "<group>";
		};
		6278EB532233C7D90070206C /* Model */ = {
			isa = PBXGroup;
			children = (
				6278EB4E2233C7940070206C /* Fact.swift */,
			);
			path = Model;
			sourceTree = "<group>";
		};
		6278EB572233C9A30070206C /* Utility */ = {
			isa = PBXGroup;
			children = (
				6278EB552233C9700070206C /* Connectivity.swift */,
			);
			path = Utility;
			sourceTree = "<group>";
		};
		6278EB582233C9DF0070206C /* Extension */ = {
			isa = PBXGroup;
			children = (
				6278EB592233CA390070206C /* VCExtensions.swift */,
			);
			path = Extension;
			sourceTree = "<group>";
		};
		6278EB6122340ECC0070206C /* ViewControllers */ = {
			isa = PBXGroup;
			children = (
				6278EB222233C68D0070206C /* ViewController.swift */,
			);
			name = ViewControllers;
			path = "New Group";
			sourceTree = "<group>";
		};
		6278EB6222340EE80070206C /* Cells */ = {
			isa = PBXGroup;
			children = (
				6278EB5F2233EC200070206C /* RowTableviewCell.swift */,
			);
			name = Cells;
			path = "New Group1";
			sourceTree = "<group>";
		};
		6278EB6422340F2B0070206C /* Custom View */ = {
			isa = PBXGroup;
			children = (
				6278EB6522340F4D0070206C /* RowView.swift */,
			);
			path = "Custom View";
			sourceTree = "<group>";
		};
		F42A73E2AB9DF1803D2B2325 /* Frameworks */ = {
			isa = PBXGroup;
			children = (
				E656AB6D4BC70AB09D2ADEB4 /* Pods_WiproAssignment.framework */,
				41EC6C76A7857324E8CF200A /* Pods_WiproAssignmentTests.framework */,
				A1DB778443A1B66369E96F5E /* Pods_WiproAssignmentUITests.framework */,
			);
			name = Frameworks;
			sourceTree = "<group>";
		};
/* End PBXGroup section */

/* Begin PBXNativeTarget section */
		6278EB1C2233C68D0070206C /* WiproAssignment */ = {
			isa = PBXNativeTarget;
			buildConfigurationList = 6278EB452233C68E0070206C /* Build configuration list for PBXNativeTarget "WiproAssignment" */;
			buildPhases = (
				93439016F5C0D1F314A4A106 /* [CP] Check Pods Manifest.lock */,
				6278EB192233C68D0070206C /* Sources */,
				6278EB1A2233C68D0070206C /* Frameworks */,
				6278EB1B2233C68D0070206C /* Resources */,
				46B1FD6EA83269B6EAD642D3 /* [CP] Embed Pods Frameworks */,
			);
			buildRules = (
			);
			dependencies = (
			);
			name = WiproAssignment;
			productName = WiproAssignment;
			productReference = 6278EB1D2233C68D0070206C /* WiproAssignment.app */;
			productType = "com.apple.product-type.application";
		};
		6278EB302233C68E0070206C /* WiproAssignmentTests */ = {
			isa = PBXNativeTarget;
			buildConfigurationList = 6278EB482233C68E0070206C /* Build configuration list for PBXNativeTarget "WiproAssignmentTests" */;
			buildPhases = (
				5D50122A7D49041261C40B4E /* [CP] Check Pods Manifest.lock */,
				6278EB2D2233C68E0070206C /* Sources */,
				6278EB2E2233C68E0070206C /* Frameworks */,
				6278EB2F2233C68E0070206C /* Resources */,
			);
			buildRules = (
			);
			dependencies = (
				6278EB332233C68E0070206C /* PBXTargetDependency */,
			);
			name = WiproAssignmentTests;
			productName = WiproAssignmentTests;
			productReference = 6278EB312233C68E0070206C /* WiproAssignmentTests.xctest */;
			productType = "com.apple.product-type.bundle.unit-test";
		};
		6278EB3B2233C68E0070206C /* WiproAssignmentUITests */ = {
			isa = PBXNativeTarget;
			buildConfigurationList = 6278EB4B2233C68E0070206C /* Build configuration list for PBXNativeTarget "WiproAssignmentUITests" */;
			buildPhases = (
				B5B922D4A2CE930117173CAB /* [CP] Check Pods Manifest.lock */,
				6278EB382233C68E0070206C /* Sources */,
				6278EB392233C68E0070206C /* Frameworks */,
				6278EB3A2233C68E0070206C /* Resources */,
			);
			buildRules = (
			);
			dependencies = (
				6278EB3E2233C68E0070206C /* PBXTargetDependency */,
			);
			name = WiproAssignmentUITests;
			productName = WiproAssignmentUITests;
			productReference = 6278EB3C2233C68E0070206C /* WiproAssignmentUITests.xctest */;
			productType = "com.apple.product-type.bundle.ui-testing";
		};
/* End PBXNativeTarget section */

/* Begin PBXProject section */
		6278EB152233C68D0070206C /* Project object */ = {
			isa = PBXProject;
			attributes = {
				LastSwiftUpdateCheck = 1010;
				LastUpgradeCheck = 1010;
				ORGANIZATIONNAME = Ramgopal;
				TargetAttributes = {
					6278EB1C2233C68D0070206C = {
						CreatedOnToolsVersion = 10.1;
					};
					6278EB302233C68E0070206C = {
						CreatedOnToolsVersion = 10.1;
						TestTargetID = 6278EB1C2233C68D0070206C;
					};
					6278EB3B2233C68E0070206C = {
						CreatedOnToolsVersion = 10.1;
						TestTargetID = 6278EB1C2233C68D0070206C;
					};
				};
			};
			buildConfigurationList = 6278EB182233C68D0070206C /* Build configuration list for PBXProject "WiproAssignment" */;
			compatibilityVersion = "Xcode 9.3";
			developmentRegion = en;
			hasScannedForEncodings = 0;
			knownRegions = (
				en,
				Base,
			);
			mainGroup = 6278EB142233C68D0070206C;
			productRefGroup = 6278EB1E2233C68D0070206C /* Products */;
			projectDirPath = "";
			projectRoot = "";
			targets = (
				6278EB1C2233C68D0070206C /* WiproAssignment */,
				6278EB302233C68E0070206C /* WiproAssignmentTests */,
				6278EB3B2233C68E0070206C /* WiproAssignmentUITests */,
			);
		};
/* End PBXProject section */

/* Begin PBXResourcesBuildPhase section */
		6278EB1B2233C68D0070206C /* Resources */ = {
			isa = PBXResourcesBuildPhase;
			buildActionMask = 2147483647;
			files = (
				6278EB2B2233C68E0070206C /* LaunchScreen.storyboard in Resources */,
				6278EB282233C68E0070206C /* Assets.xcassets in Resources */,
				6278EB262233C68E0070206C /* Main.storyboard in Resources */,
			);
			runOnlyForDeploymentPostprocessing = 0;
		};
		6278EB2F2233C68E0070206C /* Resources */ = {
			isa = PBXResourcesBuildPhase;
			buildActionMask = 2147483647;
			files = (
			);
			runOnlyForDeploymentPostprocessing = 0;
		};
		6278EB3A2233C68E0070206C /* Resources */ = {
			isa = PBXResourcesBuildPhase;
			buildActionMask = 2147483647;
			files = (
			);
			runOnlyForDeploymentPostprocessing = 0;
		};
/* End PBXResourcesBuildPhase section */

/* Begin PBXShellScriptBuildPhase section */
		46B1FD6EA83269B6EAD642D3 /* [CP] Embed Pods Frameworks */ = {
			isa = PBXShellScriptBuildPhase;
			buildActionMask = 2147483647;
			files = (
			);
			inputFileListPaths = (
				"${PODS_ROOT}/Target Support Files/Pods-WiproAssignment/Pods-WiproAssignment-frameworks-${CONFIGURATION}-input-files.xcfilelist",
			);
			name = "[CP] Embed Pods Frameworks";
			outputFileListPaths = (
				"${PODS_ROOT}/Target Support Files/Pods-WiproAssignment/Pods-WiproAssignment-frameworks-${CONFIGURATION}-output-files.xcfilelist",
			);
			runOnlyForDeploymentPostprocessing = 0;
			shellPath = /bin/sh;
			shellScript = "\"${PODS_ROOT}/Target Support Files/Pods-WiproAssignment/Pods-WiproAssignment-frameworks.sh\"\n";
			showEnvVarsInLog = 0;
		};
		5D50122A7D49041261C40B4E /* [CP] Check Pods Manifest.lock */ = {
			isa = PBXShellScriptBuildPhase;
			buildActionMask = 2147483647;
			files = (
			);
			inputFileListPaths = (
			);
			inputPaths = (
				"${PODS_PODFILE_DIR_PATH}/Podfile.lock",
				"${PODS_ROOT}/Manifest.lock",
			);
			name = "[CP] Check Pods Manifest.lock";
			outputFileListPaths = (
			);
			outputPaths = (
				"$(DERIVED_FILE_DIR)/Pods-WiproAssignmentTests-checkManifestLockResult.txt",
			);
			runOnlyForDeploymentPostprocessing = 0;
			shellPath = /bin/sh;
			shellScript = "diff \"${PODS_PODFILE_DIR_PATH}/Podfile.lock\" \"${PODS_ROOT}/Manifest.lock\" > /dev/null\nif [ $? != 0 ] ; then\n    # print error to STDERR\n    echo \"error: The sandbox is not in sync with the Podfile.lock. Run 'pod install' or update your CocoaPods installation.\" >&2\n    exit 1\nfi\n# This output is used by Xcode 'outputs' to avoid re-running this script phase.\necho \"SUCCESS\" > \"${SCRIPT_OUTPUT_FILE_0}\"\n";
			showEnvVarsInLog = 0;
		};
		93439016F5C0D1F314A4A106 /* [CP] Check Pods Manifest.lock */ = {
			isa = PBXShellScriptBuildPhase;
			buildActionMask = 2147483647;
			files = (
			);
			inputFileListPaths = (
			);
			inputPaths = (
				"${PODS_PODFILE_DIR_PATH}/Podfile.lock",
				"${PODS_ROOT}/Manifest.lock",
			);
			name = "[CP] Check Pods Manifest.lock";
			outputFileListPaths = (
			);
			outputPaths = (
				"$(DERIVED_FILE_DIR)/Pods-WiproAssignment-checkManifestLockResult.txt",
			);
			runOnlyForDeploymentPostprocessing = 0;
			shellPath = /bin/sh;
			shellScript = "diff \"${PODS_PODFILE_DIR_PATH}/Podfile.lock\" \"${PODS_ROOT}/Manifest.lock\" > /dev/null\nif [ $? != 0 ] ; then\n    # print error to STDERR\n    echo \"error: The sandbox is not in sync with the Podfile.lock. Run 'pod install' or update your CocoaPods installation.\" >&2\n    exit 1\nfi\n# This output is used by Xcode 'outputs' to avoid re-running this script phase.\necho \"SUCCESS\" > \"${SCRIPT_OUTPUT_FILE_0}\"\n";
			showEnvVarsInLog = 0;
		};
		B5B922D4A2CE930117173CAB /* [CP] Check Pods Manifest.lock */ = {
			isa = PBXShellScriptBuildPhase;
			buildActionMask = 2147483647;
			files = (
			);
			inputFileListPaths = (
			);
			inputPaths = (
				"${PODS_PODFILE_DIR_PATH}/Podfile.lock",
				"${PODS_ROOT}/Manifest.lock",
			);
			name = "[CP] Check Pods Manifest.lock";
			outputFileListPaths = (
			);
			outputPaths = (
				"$(DERIVED_FILE_DIR)/Pods-WiproAssignmentUITests-checkManifestLockResult.txt",
			);
			runOnlyForDeploymentPostprocessing = 0;
			shellPath = /bin/sh;
			shellScript = "diff \"${PODS_PODFILE_DIR_PATH}/Podfile.lock\" \"${PODS_ROOT}/Manifest.lock\" > /dev/null\nif [ $? != 0 ] ; then\n    # print error to STDERR\n    echo \"error: The sandbox is not in sync with the Podfile.lock. Run 'pod install' or update your CocoaPods installation.\" >&2\n    exit 1\nfi\n# This output is used by Xcode 'outputs' to avoid re-running this script phase.\necho \"SUCCESS\" > \"${SCRIPT_OUTPUT_FILE_0}\"\n";
			showEnvVarsInLog = 0;
		};
/* End PBXShellScriptBuildPhase section */

/* Begin PBXSourcesBuildPhase section */
		6278EB192233C68D0070206C /* Sources */ = {
			isa = PBXSourcesBuildPhase;
			buildActionMask = 2147483647;
			files = (
				6278EB232233C68D0070206C /* ViewController.swift in Sources */,
				6278EB4F2233C7940070206C /* Fact.swift in Sources */,
				6278EB5A2233CA390070206C /* VCExtensions.swift in Sources */,
				6278EB6622340F4D0070206C /* RowView.swift in Sources */,
				6278EB602233EC200070206C /* RowTableviewCell.swift in Sources */,
				6278EB562233C9700070206C /* Connectivity.swift in Sources */,
				6278EB212233C68D0070206C /* AppDelegate.swift in Sources */,
				6278EB512233C7B70070206C /* FactService.swift in Sources */,
			);
			runOnlyForDeploymentPostprocessing = 0;
		};
		6278EB2D2233C68E0070206C /* Sources */ = {
			isa = PBXSourcesBuildPhase;
			buildActionMask = 2147483647;
			files = (
				6278EB362233C68E0070206C /* WiproAssignmentTests.swift in Sources */,
			);
			runOnlyForDeploymentPostprocessing = 0;
		};
		6278EB382233C68E0070206C /* Sources */ = {
			isa = PBXSourcesBuildPhase;
			buildActionMask = 2147483647;
			files = (
				6278EB412233C68E0070206C /* WiproAssignmentUITests.swift in Sources */,
			);
			runOnlyForDeploymentPostprocessing = 0;
		};
/* End PBXSourcesBuildPhase section */

/* Begin PBXTargetDependency section */
		6278EB332233C68E0070206C /* PBXTargetDependency */ = {
			isa = PBXTargetDependency;
			target = 6278EB1C2233C68D0070206C /* WiproAssignment */;
			targetProxy = 6278EB322233C68E0070206C /* PBXContainerItemProxy */;
		};
		6278EB3E2233C68E0070206C /* PBXTargetDependency */ = {
			isa = PBXTargetDependency;
			target = 6278EB1C2233C68D0070206C /* WiproAssignment */;
			targetProxy = 6278EB3D2233C68E0070206C /* PBXContainerItemProxy */;
		};
/* End PBXTargetDependency section */

/* Begin PBXVariantGroup section */
		6278EB242233C68E0070206C /* Main.storyboard */ = {
			isa = PBXVariantGroup;
			children = (
				6278EB252233C68E0070206C /* Base */,
			);
			name = Main.storyboard;
			sourceTree = "<group>";
		};
		6278EB292233C68E0070206C /* LaunchScreen.storyboard */ = {
			isa = PBXVariantGroup;
			children = (
				6278EB2A2233C68E0070206C /* Base */,
			);
			name = LaunchScreen.storyboard;
			sourceTree = "<group>";
		};
/* End PBXVariantGroup section */

/* Begin XCBuildConfiguration section */
		6278EB432233C68E0070206C /* Debug */ = {
			isa = XCBuildConfiguration;
			buildSettings = {
				ALWAYS_SEARCH_USER_PATHS = NO;
				CLANG_ANALYZER_NONNULL = YES;
				CLANG_ANALYZER_NUMBER_OBJECT_CONVERSION = YES_AGGRESSIVE;
				CLANG_CXX_LANGUAGE_STANDARD = "gnu++14";
				CLANG_CXX_LIBRARY = "libc++";
				CLANG_ENABLE_MODULES = YES;
				CLANG_ENABLE_OBJC_ARC = YES;
				CLANG_ENABLE_OBJC_WEAK = YES;
				CLANG_WARN_BLOCK_CAPTURE_AUTORELEASING = YES;
				CLANG_WARN_BOOL_CONVERSION = YES;
				CLANG_WARN_COMMA = YES;
				CLANG_WARN_CONSTANT_CONVERSION = YES;
				CLANG_WARN_DEPRECATED_OBJC_IMPLEMENTATIONS = YES;
				CLANG_WARN_DIRECT_OBJC_ISA_USAGE = YES_ERROR;
				CLANG_WARN_DOCUMENTATION_COMMENTS = YES;
				CLANG_WARN_EMPTY_BODY = YES;
				CLANG_WARN_ENUM_CONVERSION = YES;
				CLANG_WARN_INFINITE_RECURSION = YES;
				CLANG_WARN_INT_CONVERSION = YES;
				CLANG_WARN_NON_LITERAL_NULL_CONVERSION = YES;
				CLANG_WARN_OBJC_IMPLICIT_RETAIN_SELF = YES;
				CLANG_WARN_OBJC_LITERAL_CONVERSION = YES;
				CLANG_WARN_OBJC_ROOT_CLASS = YES_ERROR;
				CLANG_WARN_RANGE_LOOP_ANALYSIS = YES;
				CLANG_WARN_STRICT_PROTOTYPES = YES;
				CLANG_WARN_SUSPICIOUS_MOVE = YES;
				CLANG_WARN_UNGUARDED_AVAILABILITY = YES_AGGRESSIVE;
				CLANG_WARN_UNREACHABLE_CODE = YES;
				CLANG_WARN__DUPLICATE_METHOD_MATCH = YES;
				CODE_SIGN_IDENTITY = "iPhone Developer";
				COPY_PHASE_STRIP = NO;
				DEBUG_INFORMATION_FORMAT = dwarf;
				ENABLE_STRICT_OBJC_MSGSEND = YES;
				ENABLE_TESTABILITY = YES;
				GCC_C_LANGUAGE_STANDARD = gnu11;
				GCC_DYNAMIC_NO_PIC = NO;
				GCC_NO_COMMON_BLOCKS = YES;
				GCC_OPTIMIZATION_LEVEL = 0;
				GCC_PREPROCESSOR_DEFINITIONS = (
					"DEBUG=1",
					"$(inherited)",
				);
				GCC_WARN_64_TO_32_BIT_CONVERSION = YES;
				GCC_WARN_ABOUT_RETURN_TYPE = YES_ERROR;
				GCC_WARN_UNDECLARED_SELECTOR = YES;
				GCC_WARN_UNINITIALIZED_AUTOS = YES_AGGRESSIVE;
				GCC_WARN_UNUSED_FUNCTION = YES;
				GCC_WARN_UNUSED_VARIABLE = YES;
				IPHONEOS_DEPLOYMENT_TARGET = 12.1;
				MTL_ENABLE_DEBUG_INFO = INCLUDE_SOURCE;
				MTL_FAST_MATH = YES;
				ONLY_ACTIVE_ARCH = YES;
				SDKROOT = iphoneos;
				SWIFT_ACTIVE_COMPILATION_CONDITIONS = DEBUG;
				SWIFT_OPTIMIZATION_LEVEL = "-Onone";
			};
			name = Debug;
		};
		6278EB442233C68E0070206C /* Release */ = {
			isa = XCBuildConfiguration;
			buildSettings = {
				ALWAYS_SEARCH_USER_PATHS = NO;
				CLANG_ANALYZER_NONNULL = YES;
				CLANG_ANALYZER_NUMBER_OBJECT_CONVERSION = YES_AGGRESSIVE;
				CLANG_CXX_LANGUAGE_STANDARD = "gnu++14";
				CLANG_CXX_LIBRARY = "libc++";
				CLANG_ENABLE_MODULES = YES;
				CLANG_ENABLE_OBJC_ARC = YES;
				CLANG_ENABLE_OBJC_WEAK = YES;
				CLANG_WARN_BLOCK_CAPTURE_AUTORELEASING = YES;
				CLANG_WARN_BOOL_CONVERSION = YES;
				CLANG_WARN_COMMA = YES;
				CLANG_WARN_CONSTANT_CONVERSION = YES;
				CLANG_WARN_DEPRECATED_OBJC_IMPLEMENTATIONS = YES;
				CLANG_WARN_DIRECT_OBJC_ISA_USAGE = YES_ERROR;
				CLANG_WARN_DOCUMENTATION_COMMENTS = YES;
				CLANG_WARN_EMPTY_BODY = YES;
				CLANG_WARN_ENUM_CONVERSION = YES;
				CLANG_WARN_INFINITE_RECURSION = YES;
				CLANG_WARN_INT_CONVERSION = YES;
				CLANG_WARN_NON_LITERAL_NULL_CONVERSION = YES;
				CLANG_WARN_OBJC_IMPLICIT_RETAIN_SELF = YES;
				CLANG_WARN_OBJC_LITERAL_CONVERSION = YES;
				CLANG_WARN_OBJC_ROOT_CLASS = YES_ERROR;
				CLANG_WARN_RANGE_LOOP_ANALYSIS = YES;
				CLANG_WARN_STRICT_PROTOTYPES = YES;
				CLANG_WARN_SUSPICIOUS_MOVE = YES;
				CLANG_WARN_UNGUARDED_AVAILABILITY = YES_AGGRESSIVE;
				CLANG_WARN_UNREACHABLE_CODE = YES;
				CLANG_WARN__DUPLICATE_METHOD_MATCH = YES;
				CODE_SIGN_IDENTITY = "iPhone Developer";
				COPY_PHASE_STRIP = NO;
				DEBUG_INFORMATION_FORMAT = "dwarf-with-dsym";
				ENABLE_NS_ASSERTIONS = NO;
				ENABLE_STRICT_OBJC_MSGSEND = YES;
				GCC_C_LANGUAGE_STANDARD = gnu11;
				GCC_NO_COMMON_BLOCKS = YES;
				GCC_WARN_64_TO_32_BIT_CONVERSION = YES;
				GCC_WARN_ABOUT_RETURN_TYPE = YES_ERROR;
				GCC_WARN_UNDECLARED_SELECTOR = YES;
				GCC_WARN_UNINITIALIZED_AUTOS = YES_AGGRESSIVE;
				GCC_WARN_UNUSED_FUNCTION = YES;
				GCC_WARN_UNUSED_VARIABLE = YES;
				IPHONEOS_DEPLOYMENT_TARGET = 12.1;
				MTL_ENABLE_DEBUG_INFO = NO;
				MTL_FAST_MATH = YES;
				SDKROOT = iphoneos;
				SWIFT_COMPILATION_MODE = wholemodule;
				SWIFT_OPTIMIZATION_LEVEL = "-O";
				VALIDATE_PRODUCT = YES;
			};
			name = Release;
		};
		6278EB462233C68E0070206C /* Debug */ = {
			isa = XCBuildConfiguration;
			baseConfigurationReference = 11709B61DE34FACF67A37F1C /* Pods-WiproAssignment.debug.xcconfig */;
			buildSettings = {
				ASSETCATALOG_COMPILER_APPICON_NAME = AppIcon;
				CODE_SIGN_STYLE = Automatic;
				INFOPLIST_FILE = WiproAssignment/Info.plist;
				IPHONEOS_DEPLOYMENT_TARGET = 11.0;
				LD_RUNPATH_SEARCH_PATHS = (
					"$(inherited)",
					"@executable_path/Frameworks",
				);
				PRODUCT_BUNDLE_IDENTIFIER = com.ggktech.WiproAssignment;
				PRODUCT_NAME = "$(TARGET_NAME)";
				SWIFT_VERSION = 4.2;
				TARGETED_DEVICE_FAMILY = "1,2";
			};
			name = Debug;
		};
		6278EB472233C68E0070206C /* Release */ = {
			isa = XCBuildConfiguration;
			baseConfigurationReference = 9DD73854C1CB557E729921B9 /* Pods-WiproAssignment.release.xcconfig */;
			buildSettings = {
				ASSETCATALOG_COMPILER_APPICON_NAME = AppIcon;
				CODE_SIGN_STYLE = Automatic;
				INFOPLIST_FILE = WiproAssignment/Info.plist;
				IPHONEOS_DEPLOYMENT_TARGET = 11.0;
				LD_RUNPATH_SEARCH_PATHS = (
					"$(inherited)",
					"@executable_path/Frameworks",
				);
				PRODUCT_BUNDLE_IDENTIFIER = com.ggktech.WiproAssignment;
				PRODUCT_NAME = "$(TARGET_NAME)";
				SWIFT_VERSION = 4.2;
				TARGETED_DEVICE_FAMILY = "1,2";
			};
			name = Release;
		};
		6278EB492233C68E0070206C /* Debug */ = {
			isa = XCBuildConfiguration;
			baseConfigurationReference = 203A6D67B4360EF9D76F0AD4 /* Pods-WiproAssignmentTests.debug.xcconfig */;
			buildSettings = {
				ALWAYS_EMBED_SWIFT_STANDARD_LIBRARIES = YES;
				BUNDLE_LOADER = "$(TEST_HOST)";
				CODE_SIGN_STYLE = Automatic;
				INFOPLIST_FILE = WiproAssignmentTests/Info.plist;
				LD_RUNPATH_SEARCH_PATHS = (
					"$(inherited)",
					"@executable_path/Frameworks",
					"@loader_path/Frameworks",
				);
				PRODUCT_BUNDLE_IDENTIFIER = com.ggktech.WiproAssignmentTests;
				PRODUCT_NAME = "$(TARGET_NAME)";
				SWIFT_VERSION = 4.2;
				TARGETED_DEVICE_FAMILY = "1,2";
				TEST_HOST = "$(BUILT_PRODUCTS_DIR)/WiproAssignment.app/WiproAssignment";
			};
			name = Debug;
		};
		6278EB4A2233C68E0070206C /* Release */ = {
			isa = XCBuildConfiguration;
			baseConfigurationReference = 1E8CAFD66C31946824A19766 /* Pods-WiproAssignmentTests.release.xcconfig */;
			buildSettings = {
				ALWAYS_EMBED_SWIFT_STANDARD_LIBRARIES = YES;
				BUNDLE_LOADER = "$(TEST_HOST)";
				CODE_SIGN_STYLE = Automatic;
				INFOPLIST_FILE = WiproAssignmentTests/Info.plist;
				LD_RUNPATH_SEARCH_PATHS = (
					"$(inherited)",
					"@executable_path/Frameworks",
					"@loader_path/Frameworks",
				);
				PRODUCT_BUNDLE_IDENTIFIER = com.ggktech.WiproAssignmentTests;
				PRODUCT_NAME = "$(TARGET_NAME)";
				SWIFT_VERSION = 4.2;
				TARGETED_DEVICE_FAMILY = "1,2";
				TEST_HOST = "$(BUILT_PRODUCTS_DIR)/WiproAssignment.app/WiproAssignment";
			};
			name = Release;
		};
		6278EB4C2233C68E0070206C /* Debug */ = {
			isa = XCBuildConfiguration;
			baseConfigurationReference = 1CA10FDEF69C49E5BD8E8AC5 /* Pods-WiproAssignmentUITests.debug.xcconfig */;
			buildSettings = {
				ALWAYS_EMBED_SWIFT_STANDARD_LIBRARIES = YES;
				CODE_SIGN_STYLE = Automatic;
				INFOPLIST_FILE = WiproAssignmentUITests/Info.plist;
				LD_RUNPATH_SEARCH_PATHS = (
					"$(inherited)",
					"@executable_path/Frameworks",
					"@loader_path/Frameworks",
				);
				PRODUCT_BUNDLE_IDENTIFIER = com.ggktech.WiproAssignmentUITests;
				PRODUCT_NAME = "$(TARGET_NAME)";
				SWIFT_VERSION = 4.2;
				TARGETED_DEVICE_FAMILY = "1,2";
				TEST_TARGET_NAME = WiproAssignment;
			};
			name = Debug;
		};
		6278EB4D2233C68E0070206C /* Release */ = {
			isa = XCBuildConfiguration;
			baseConfigurationReference = 7B02E1B9142E90C43AEFBA28 /* Pods-WiproAssignmentUITests.release.xcconfig */;
			buildSettings = {
				ALWAYS_EMBED_SWIFT_STANDARD_LIBRARIES = YES;
				CODE_SIGN_STYLE = Automatic;
				INFOPLIST_FILE = WiproAssignmentUITests/Info.plist;
				LD_RUNPATH_SEARCH_PATHS = (
					"$(inherited)",
					"@executable_path/Frameworks",
					"@loader_path/Frameworks",
				);
				PRODUCT_BUNDLE_IDENTIFIER = com.ggktech.WiproAssignmentUITests;
				PRODUCT_NAME = "$(TARGET_NAME)";
				SWIFT_VERSION = 4.2;
				TARGETED_DEVICE_FAMILY = "1,2";
				TEST_TARGET_NAME = WiproAssignment;
			};
			name = Release;
		};
/* End XCBuildConfiguration section */

/* Begin XCConfigurationList section */
		6278EB182233C68D0070206C /* Build configuration list for PBXProject "WiproAssignment" */ = {
			isa = XCConfigurationList;
			buildConfigurations = (
				6278EB432233C68E0070206C /* Debug */,
				6278EB442233C68E0070206C /* Release */,
			);
			defaultConfigurationIsVisible = 0;
			defaultConfigurationName = Release;
		};
		6278EB452233C68E0070206C /* Build configuration list for PBXNativeTarget "WiproAssignment" */ = {
			isa = XCConfigurationList;
			buildConfigurations = (
				6278EB462233C68E0070206C /* Debug */,
				6278EB472233C68E0070206C /* Release */,
			);
			defaultConfigurationIsVisible = 0;
			defaultConfigurationName = Release;
		};
		6278EB482233C68E0070206C /* Build configuration list for PBXNativeTarget "WiproAssignmentTests" */ = {
			isa = XCConfigurationList;
			buildConfigurations = (
				6278EB492233C68E0070206C /* Debug */,
				6278EB4A2233C68E0070206C /* Release */,
			);
			defaultConfigurationIsVisible = 0;
			defaultConfigurationName = Release;
		};
		6278EB4B2233C68E0070206C /* Build configuration list for PBXNativeTarget "WiproAssignmentUITests" */ = {
			isa = XCConfigurationList;
			buildConfigurations = (
				6278EB4C2233C68E0070206C /* Debug */,
				6278EB4D2233C68E0070206C /* Release */,
			);
			defaultConfigurationIsVisible = 0;
			defaultConfigurationName = Release;
		};
/* End XCConfigurationList section */
	};
	rootObject = 6278EB152233C68D0070206C /* Project object */;
}
